
Microsoft Visual Studio Solution File, Format Version 12.00
# Visual Studio Version 16
VisualStudioVersion = 16.0.30804.86
MinimumVisualStudioVersion = 10.0.40219.1
Project("{FAE04EC0-301F-11D3-BF4B-00C04F79EFBC}") = "MvcProjeKampi", "MvcProjeKampi\MvcProjeKampi.csproj", "{240E2580-4256-4A5E-B1EF-35CD5E90D6A4}"
EndProject
Project("{FAE04EC0-301F-11D3-BF4B-00C04F79EFBC}") = "EntityLayer", "EntityLayer\EntityLayer.csproj", "{9551E1D9-A950-450C-AE51-7608536373A5}"
EndProject
Project("{FAE04EC0-301F-11D3-BF4B-00C04F79EFBC}") = "DataAccessLayer", "DataAccessLayer\DataAccessLayer.csproj", "{03226C91-8553-4EEC-9CD5-FADF0DC4503A}"
EndProject
Project("{FAE04EC0-301F-11D3-BF4B-00C04F79EFBC}") = "BusinessLayer", "BusinessLayer\BusinessLayer.csproj", "{C02BAFDD-ACA4-4078-8D01-16A5330F0C90}"
EndProject
Global
	GlobalSection(SolutionConfigurationPlatforms) = preSolution
		Debug|Any CPU = Debug|Any CPU
		Release|Any CPU = Release|Any CPU
	EndGlobalSection
	GlobalSection(ProjectConfigurationPlatforms) = postSolution
		{240E2580-4256-4A5E-B1EF-35CD5E90D6A4}.Debug|Any CPU.ActiveCfg = Debug|Any CPU
		{240E2580-4256-4A5E-B1EF-35CD5E90D6A4}.Debug|Any CPU.Build.0 = Debug|Any CPU
		{240E2580-4256-4A5E-B1EF-35CD5E90D6A4}.Release|Any CPU.ActiveCfg = Release|Any CPU
		{240E2580-4256-4A5E-B1EF-35CD5E90D6A4}.Release|Any CPU.Build.0 = Release|Any CPU
		{9551E1D9-A950-450C-AE51-7608536373A5}.Debug|Any CPU.ActiveCfg = Debug|Any CPU
		{9551E1D9-A950-450C-AE51-7608536373A5}.Debug|Any CPU.Build.0 = Debug|Any CPU
		{9551E1D9-A950-450C-AE51-7608536373A5}.Release|Any CPU.ActiveCfg = Release|Any CPU
		{9551E1D9-A950-450C-AE51-7608536373A5}.Release|Any CPU.Build.0 = Release|Any CPU
		{03226C91-8553-4EEC-9CD5-FADF0DC4503A}.Debug|Any CPU.ActiveCfg = Debug|Any CPU
		{03226C91-8553-4EEC-9CD5-FADF0DC4503A}.Debug|Any CPU.Build.0 = Debug|Any CPU
		{03226C91-8553-4EEC-9CD5-FADF0DC4503A}.Release|Any CPU.ActiveCfg = Release|Any CPU
		{03226C91-8553-4EEC-9CD5-FADF0DC4503A}.Release|Any CPU.Build.0 = Release|Any CPU
		{C02BAFDD-ACA4-4078-8D01-16A5330F0C90}.Debug|Any CPU.ActiveCfg = Debug|Any CPU
		{C02BAFDD-ACA4-4078-8D01-16A5330F0C90}.Debug|Any CPU.Build.0 = Debug|Any CPU
		{C02BAFDD-ACA4-4078-8D01-16A5330F0C90}.Release|Any CPU.ActiveCfg = Release|Any CPU
		{C02BAFDD-ACA4-4078-8D01-16A5330F0C90}.Release|Any CPU.Build.0 = Release|Any CPU
	EndGlobalSection
	GlobalSection(SolutionProperties) = preSolution
		HideSolutionNode = FALSE
	EndGlobalSection
	GlobalSection(ExtensibilityGlobals) = postSolution
		SolutionGuid = {40FF208A-6A95-40A5-AC92-C23A05A81720}
	EndGlobalSection
EndGlobal
